
Microsoft Visual Studio Solution File, Format Version 12.00
# Visual Studio Version 16
VisualStudioVersion = 16.0.31424.327
MinimumVisualStudioVersion = 10.0.40219.1
Project("{FAE04EC0-301F-11D3-BF4B-00C04F79EFBC}") = "RestAPI", "RestAPI\RestAPI.csproj", "{FC65271E-C728-41FB-9D07-9B13A2B40DC3}"
EndProject
Project("{FAE04EC0-301F-11D3-BF4B-00C04F79EFBC}") = "Persistence", "Persistence\Persistence.csproj", "{4B98AA14-C265-4E48-A27F-DE549040C50D}"
EndProject
Project("{FAE04EC0-301F-11D3-BF4B-00C04F79EFBC}") = "Domain", "Domain\Domain.csproj", "{A36DF00B-EFE2-4990-B4B7-318949B0FC81}"
EndProject
Project("{FAE04EC0-301F-11D3-BF4B-00C04F79EFBC}") = "Contracts", "Contracts\Contracts.csproj", "{581AE11C-C706-4DE8-A4C2-47B49FD3A8FD}"
EndProject
Global
	GlobalSection(SolutionConfigurationPlatforms) = preSolution
		Debug|Any CPU = Debug|Any CPU
		Release|Any CPU = Release|Any CPU
	EndGlobalSection
	GlobalSection(ProjectConfigurationPlatforms) = postSolution
		{FC65271E-C728-41FB-9D07-9B13A2B40DC3}.Debug|Any CPU.ActiveCfg = Debug|Any CPU
		{FC65271E-C728-41FB-9D07-9B13A2B40DC3}.Debug|Any CPU.Build.0 = Debug|Any CPU
		{FC65271E-C728-41FB-9D07-9B13A2B40DC3}.Release|Any CPU.ActiveCfg = Release|Any CPU
		{FC65271E-C728-41FB-9D07-9B13A2B40DC3}.Release|Any CPU.Build.0 = Release|Any CPU
		{4B98AA14-C265-4E48-A27F-DE549040C50D}.Debug|Any CPU.ActiveCfg = Debug|Any CPU
		{4B98AA14-C265-4E48-A27F-DE549040C50D}.Debug|Any CPU.Build.0 = Debug|Any CPU
		{4B98AA14-C265-4E48-A27F-DE549040C50D}.Release|Any CPU.ActiveCfg = Release|Any CPU
		{4B98AA14-C265-4E48-A27F-DE549040C50D}.Release|Any CPU.Build.0 = Release|Any CPU
		{A36DF00B-EFE2-4990-B4B7-318949B0FC81}.Debug|Any CPU.ActiveCfg = Debug|Any CPU
		{A36DF00B-EFE2-4990-B4B7-318949B0FC81}.Debug|Any CPU.Build.0 = Debug|Any CPU
		{A36DF00B-EFE2-4990-B4B7-318949B0FC81}.Release|Any CPU.ActiveCfg = Release|Any CPU
		{A36DF00B-EFE2-4990-B4B7-318949B0FC81}.Release|Any CPU.Build.0 = Release|Any CPU
		{581AE11C-C706-4DE8-A4C2-47B49FD3A8FD}.Debug|Any CPU.ActiveCfg = Debug|Any CPU
		{581AE11C-C706-4DE8-A4C2-47B49FD3A8FD}.Debug|Any CPU.Build.0 = Debug|Any CPU
		{581AE11C-C706-4DE8-A4C2-47B49FD3A8FD}.Release|Any CPU.ActiveCfg = Release|Any CPU
		{581AE11C-C706-4DE8-A4C2-47B49FD3A8FD}.Release|Any CPU.Build.0 = Release|Any CPU
	EndGlobalSection
	GlobalSection(SolutionProperties) = preSolution
		HideSolutionNode = FALSE
	EndGlobalSection
	GlobalSection(ExtensibilityGlobals) = postSolution
		SolutionGuid = {A5644EB2-1001-4DBF-94F1-E925F67B8F1D}
	EndGlobalSection
EndGlobal
